
Microsoft Visual Studio Solution File, Format Version 12.00
# Visual Studio Version 17
VisualStudioVersion = 17.7.34031.279
MinimumVisualStudioVersion = 10.0.40219.1
Project("{8BC9CEB8-8B4A-11D0-8D11-00A0C91BC942}") = "test", "test\test.vcxproj", "{F48CA1B6-27D6-41BE-A47E-C644ABF5E557}"
EndProject
Global
	GlobalSection(SolutionConfigurationPlatforms) = preSolution
		Debug|x64 = Debug|x64
		Debug|x86 = Debug|x86
		Release|x64 = Release|x64
		Release|x86 = Release|x86
	EndGlobalSection
	GlobalSection(ProjectConfigurationPlatforms) = postSolution
		{F48CA1B6-27D6-41BE-A47E-C644ABF5E557}.Debug|x64.ActiveCfg = Debug|x64
		{F48CA1B6-27D6-41BE-A47E-C644ABF5E557}.Debug|x64.Build.0 = Debug|x64
		{F48CA1B6-27D6-41BE-A47E-C644ABF5E557}.Debug|x86.ActiveCfg = Debug|Win32
		{F48CA1B6-27D6-41BE-A47E-C644ABF5E557}.Debug|x86.Build.0 = Debug|Win32
		{F48CA1B6-27D6-41BE-A47E-C644ABF5E557}.Release|x64.ActiveCfg = Release|x64
		{F48CA1B6-27D6-41BE-A47E-C644ABF5E557}.Release|x64.Build.0 = Release|x64
		{F48CA1B6-27D6-41BE-A47E-C644ABF5E557}.Release|x86.ActiveCfg = Release|Win32
		{F48CA1B6-27D6-41BE-A47E-C644ABF5E557}.Release|x86.Build.0 = Release|Win32
	EndGlobalSection
	GlobalSection(SolutionProperties) = preSolution
		HideSolutionNode = FALSE
	EndGlobalSection
	GlobalSection(ExtensibilityGlobals) = postSolution
		SolutionGuid = {4C098ACC-1E39-4A39-8D36-CF91E52469C3}
	EndGlobalSection
EndGlobal
